github.com/ghjm/advent_utils v0.0.0-20241231050048-59129652d888 h1:UeninL4HLjGNRMdMUYP1gH6M9dVFqkXGH/mw454Gj/c=
github.com/ghjm/advent_utils v0.0.0-20241231050048-59129652d888/go.mod h1:gQTdVT3BO/oqRj+csN1BbdZIJFzj0qokLleRrPOuBp0=
github.com/ghjm/advent_utils v0.0.0-20250102225505-50bd4fd1080d h1:tfywFB3rh3PVGDfNVYDwuMEMb1uWAehdmaDO0MUd/HE=
github.com/ghjm/advent_utils v0.0.0-20250102225505-50bd4fd1080d/go.mod h1:gQTdVT3BO/oqRj+csN1BbdZIJFzj0qokLleRrPOuBp0=
github.com/ghjm/advent_utils v0.0.0-20250102230203-298f52738422 h1:eeRUxaotJ9tRVpkCt3GYsUzbIhrt+Al2IdbqOK1gDOc=
github.com/ghjm/advent_utils v0.0.0-20250102230203-298f52738422/go.mod h1:gQTdVT3BO/oqRj+csN1BbdZIJFzj0qokLleRrPOuBp0=
github.com/ghjm/advent_utils v0.0.0-20250103020433-2a90f4f6b54e h1:Y8LF/Xo/FIV2zj3SvxIDe2tNCznJMTEbawfTNlVObiw=
github.com/ghjm/advent_utils v0.0.0-20250103020433-2a90f4f6b54e/go.mod h1:gQTdVT3BO/oqRj+csN1BbdZIJFzj0qokLleRrPOuBp0=
github.com/ghjm/advent_utils v0.0.0-20250103025647-490cd60dcde5 h1:ROKroJ1xR8qvlaNMBejVlz4z2EkABV7da357920H/is=
github.com/ghjm/advent_utils v0.0.0-20250103025647-490cd60dcde5/go.mod h1:gQTdVT3BO/oqRj+csN1BbdZIJFzj0qokLleRrPOuBp0=
github.com/ghjm/advent_utils v0.0.0-20250103030852-cc47ad67f7d6 h1:NZpPygCgIn52h9uZzc5C/D48Gx7NBjNBJMFcihXGX1c=
github.com/ghjm/advent_utils v0.0.0-20250103030852-cc47ad67f7d6/go.mod h1:gQTdVT3BO/oqRj+csN1BbdZIJFzj0qokLleRrPOuBp0=
github.com/ghjm/advent_utils v0.0.0-20250110021858-9232914c96e6 h1:ogYHnBQzf52z0VAWnuD8azf4tTAgm1S/7UHt5f18gPs=
github.com/ghjm/advent_utils v0.0.0-20250110021858-9232914c96e6/go.mod h1:gQTdVT3BO/oqRj+csN1BbdZIJFzj0qokLleRrPOuBp0=
golang.org/x/exp v0.0.0-20241217172543-b2144cdd0a67 h1:1UoZQm6f0P/ZO0w1Ri+f+ifG/gXhegadRdwBIXEFWDo=
golang.org/x/exp v0.0.0-20241217172543-b2144cdd0a67/go.mod h1:qj5a5QZpwLU2NLQudwIN5koi3beDhSAlJwa67PuM98c=
golang.org/x/exp v0.0.0-20250106191152-7588d65b2ba8 h1:yqrTHse8TCMW1M1ZCP+VAR/l0kKxwaAIqN/il7x4voA=
golang.org/x/exp v0.0.0-20250106191152-7588d65b2ba8/go.mod h1:tujkw807nyEEAamNbDrEGzRav+ilXA7PCRAd6xsmwiU=
